{
  "name": "miu-events",
  "lockfileVersion": 2,
  "requires": true,
  "packages": {
    "": {
      "dependencies": {
        "rotating-file-stream": "^3.0.3"
      }
    },
    "node_modules/rotating-file-stream": {
      "version": "3.0.3",
      "resolved": "https://registry.npmjs.org/rotating-file-stream/-/rotating-file-stream-3.0.3.tgz",
      "integrity": "sha512-lN4tljs2Pv8OkVCw34Fa+jYn9vn98ZxWgBoavKjlT7az25F+oEZT6kKXmzpqovBVz+fW7Mb862tc34rpxKVZFw==",
      "engines": {
        "node": ">=14.0"
      },
      "funding": {
        "url": "https://www.blockchain.com/btc/address/12p1p5q7sK75tPyuesZmssiMYr4TKzpSCN"
      }
    }
  },
  "dependencies": {
    "rotating-file-stream": {
      "version": "3.0.3",
      "resolved": "https://registry.npmjs.org/rotating-file-stream/-/rotating-file-stream-3.0.3.tgz",
      "integrity": "sha512-lN4tljs2Pv8OkVCw34Fa+jYn9vn98ZxWgBoavKjlT7az25F+oEZT6kKXmzpqovBVz+fW7Mb862tc34rpxKVZFw=="
    }
  }
}
